
Microsoft Visual Studio Solution File, Format Version 12.00
# Visual Studio Version 17
VisualStudioVersion = 17.3.32825.248
MinimumVisualStudioVersion = 10.0.40219.1
Project("{FAE04EC0-301F-11D3-BF4B-00C04F79EFBC}") = "ASPResponsesWebApplication", "ASPResponsesWebApplication.csproj", "{D6160AE9-F995-4436-8022-C80F682E48A2}"
EndProject
Global
	GlobalSection(SolutionConfigurationPlatforms) = preSolution
		Debug|Any CPU = Debug|Any CPU
		Release|Any CPU = Release|Any CPU
	EndGlobalSection
	GlobalSection(ProjectConfigurationPlatforms) = postSolution
		{D6160AE9-F995-4436-8022-C80F682E48A2}.Debug|Any CPU.ActiveCfg = Debug|Any CPU
		{D6160AE9-F995-4436-8022-C80F682E48A2}.Debug|Any CPU.Build.0 = Debug|Any CPU
		{D6160AE9-F995-4436-8022-C80F682E48A2}.Release|Any CPU.ActiveCfg = Release|Any CPU
		{D6160AE9-F995-4436-8022-C80F682E48A2}.Release|Any CPU.Build.0 = Release|Any CPU
	EndGlobalSection
	GlobalSection(SolutionProperties) = preSolution
		HideSolutionNode = FALSE
	EndGlobalSection
	GlobalSection(ExtensibilityGlobals) = postSolution
		SolutionGuid = {519F8F93-AADE-4194-B74A-0EC120FFD13D}
	EndGlobalSection
EndGlobal
